// !$*UTF8*$!
{
	archiveVersion = 1;
	classes = {
	};
	objectVersion = 50;
	objects = {

/* Begin PBXBuildFile section */
		9A684BA22520D2C700687ED5 /* FullScreenImageViewController.swift in Sources */ = {isa = PBXBuildFile; fileRef = 9A684BA12520D2C700687ED5 /* FullScreenImageViewController.swift */; };
		9A684BA72520D2DA00687ED5 /* FullScreenImageViewModel.swift in Sources */ = {isa = PBXBuildFile; fileRef = 9A684BA62520D2DA00687ED5 /* FullScreenImageViewModel.swift */; };
		9A73F98F251F9CE900DD1C2B /* RedditPostDTOTestCases.swift in Sources */ = {isa = PBXBuildFile; fileRef = 9A73F98E251F9CE900DD1C2B /* RedditPostDTOTestCases.swift */; };
		9A73F996251F9EE000DD1C2B /* DefaultMasterViewModelTestCases.swift in Sources */ = {isa = PBXBuildFile; fileRef = 9A73F995251F9EE000DD1C2B /* DefaultMasterViewModelTestCases.swift */; };
		9A73F99E251FA1C300DD1C2B /* TopRedditProviderServiceMock.swift in Sources */ = {isa = PBXBuildFile; fileRef = 9A73F99D251FA1C300DD1C2B /* TopRedditProviderServiceMock.swift */; };
		9A73F9A3251FAD0700DD1C2B /* TopRedditProviderServiceTestCases.swift in Sources */ = {isa = PBXBuildFile; fileRef = 9A73F9A2251FAD0700DD1C2B /* TopRedditProviderServiceTestCases.swift */; };
		9A73F9A8251FAE0F00DD1C2B /* RequesterMock.swift in Sources */ = {isa = PBXBuildFile; fileRef = 9A73F9A7251FAE0F00DD1C2B /* RequesterMock.swift */; };
		9A73F9AD251FB1B200DD1C2B /* ImageDownloader.swift in Sources */ = {isa = PBXBuildFile; fileRef = 9A73F9AC251FB1B200DD1C2B /* ImageDownloader.swift */; };
		9A73F9B3251FC42900DD1C2B /* RedditPostCollectionViewModelTestCases.swift in Sources */ = {isa = PBXBuildFile; fileRef = 9A73F9B2251FC42900DD1C2B /* RedditPostCollectionViewModelTestCases.swift */; };
		9A73F9BB251FC5C600DD1C2B /* DateProvider.swift in Sources */ = {isa = PBXBuildFile; fileRef = 9A73F9BA251FC5C600DD1C2B /* DateProvider.swift */; };
		9A73F9C6251FD67100DD1C2B /* DetailViewController.swift in Sources */ = {isa = PBXBuildFile; fileRef = 9A73F9C5251FD67100DD1C2B /* DetailViewController.swift */; };
		9A73F9CB251FD67D00DD1C2B /* DetailViewModel.swift in Sources */ = {isa = PBXBuildFile; fileRef = 9A73F9CA251FD67D00DD1C2B /* DetailViewModel.swift */; };
		9A73F9D0251FD6C600DD1C2B /* MediaType.swift in Sources */ = {isa = PBXBuildFile; fileRef = 9A73F9CF251FD6C600DD1C2B /* MediaType.swift */; };
		9AF12619251E8A350089D562 /* AppDelegate.swift in Sources */ = {isa = PBXBuildFile; fileRef = 9AF12618251E8A350089D562 /* AppDelegate.swift */; };
		9AF1261D251E8A350089D562 /* ViewController.swift in Sources */ = {isa = PBXBuildFile; fileRef = 9AF1261C251E8A350089D562 /* ViewController.swift */; };
		9AF12620251E8A350089D562 /* Main.storyboard in Resources */ = {isa = PBXBuildFile; fileRef = 9AF1261E251E8A350089D562 /* Main.storyboard */; };
		9AF12622251E8A390089D562 /* Assets.xcassets in Resources */ = {isa = PBXBuildFile; fileRef = 9AF12621251E8A390089D562 /* Assets.xcassets */; };
		9AF12625251E8A390089D562 /* LaunchScreen.storyboard in Resources */ = {isa = PBXBuildFile; fileRef = 9AF12623251E8A390089D562 /* LaunchScreen.storyboard */; };
		9AF12630251E8A390089D562 /* iOSTestDevigetTests.swift in Sources */ = {isa = PBXBuildFile; fileRef = 9AF1262F251E8A390089D562 /* iOSTestDevigetTests.swift */; };
		9AF1263B251E8A390089D562 /* iOSTestDevigetUITests.swift in Sources */ = {isa = PBXBuildFile; fileRef = 9AF1263A251E8A390089D562 /* iOSTestDevigetUITests.swift */; };
		9AF1265B251E8E770089D562 /* Endpoint.swift in Sources */ = {isa = PBXBuildFile; fileRef = 9AF1265A251E8E770089D562 /* Endpoint.swift */; };
		9AF12663251E8E820089D562 /* Requester.swift in Sources */ = {isa = PBXBuildFile; fileRef = 9AF12662251E8E820089D562 /* Requester.swift */; };
		9AF12668251E8E8C0089D562 /* ParameterEncoder.swift in Sources */ = {isa = PBXBuildFile; fileRef = 9AF12667251E8E8C0089D562 /* ParameterEncoder.swift */; };
		9AF12675251E8EF00089D562 /* HTTPTask.swift in Sources */ = {isa = PBXBuildFile; fileRef = 9AF12674251E8EF00089D562 /* HTTPTask.swift */; };
		9AF1267A251E8F050089D562 /* Parameters.swift in Sources */ = {isa = PBXBuildFile; fileRef = 9AF12679251E8F050089D562 /* Parameters.swift */; };
		9AF1267F251E8F180089D562 /* HTTPMethod.swift in Sources */ = {isa = PBXBuildFile; fileRef = 9AF1267E251E8F180089D562 /* HTTPMethod.swift */; };
		9AF12684251E8F2F0089D562 /* URLParameterEncoder.swift in Sources */ = {isa = PBXBuildFile; fileRef = 9AF12683251E8F2F0089D562 /* URLParameterEncoder.swift */; };
		9AF12689251E8F650089D562 /* ParameterEncoderType.swift in Sources */ = {isa = PBXBuildFile; fileRef = 9AF12688251E8F650089D562 /* ParameterEncoderType.swift */; };
		9AF1268E251E8F7B0089D562 /* RequestError.swift in Sources */ = {isa = PBXBuildFile; fileRef = 9AF1268D251E8F7B0089D562 /* RequestError.swift */; };
		9AF12696251E901E0089D562 /* DefaultRequester.swift in Sources */ = {isa = PBXBuildFile; fileRef = 9AF12695251E901E0089D562 /* DefaultRequester.swift */; };
		9AF1269B251E90390089D562 /* RequesterError.swift in Sources */ = {isa = PBXBuildFile; fileRef = 9AF1269A251E90390089D562 /* RequesterError.swift */; };
		9AF126A0251E90910089D562 /* URLSessionDataTaskFactory.swift in Sources */ = {isa = PBXBuildFile; fileRef = 9AF1269F251E90910089D562 /* URLSessionDataTaskFactory.swift */; };
		9AF126BF251E9C9D0089D562 /* DefaultRequesterTestCases.swift in Sources */ = {isa = PBXBuildFile; fileRef = 9AF126BE251E9C9D0089D562 /* DefaultRequesterTestCases.swift */; };
		9AF126C8251E9DDE0089D562 /* URLSessionDataTaskFactoryMock.swift in Sources */ = {isa = PBXBuildFile; fileRef = 9AF126C7251E9DDE0089D562 /* URLSessionDataTaskFactoryMock.swift */; };
		9AF126D0251E9E920089D562 /* CancellableRequest.swift in Sources */ = {isa = PBXBuildFile; fileRef = 9AF126CF251E9E920089D562 /* CancellableRequest.swift */; };
		9AF126D5251E9F410089D562 /* CancellableRequestMosk.swift in Sources */ = {isa = PBXBuildFile; fileRef = 9AF126D4251E9F410089D562 /* CancellableRequestMosk.swift */; };
		9AF126DA251EA5B70089D562 /* URLParameterEncoderTestCases.swift in Sources */ = {isa = PBXBuildFile; fileRef = 9AF126D9251EA5B70089D562 /* URLParameterEncoderTestCases.swift */; };
		9AF126DF251EA7B40089D562 /* ParameterEncoderTypeTestCases.swift in Sources */ = {isa = PBXBuildFile; fileRef = 9AF126DE251EA7B40089D562 /* ParameterEncoderTypeTestCases.swift */; };
		9AF126E4251EB03D0089D562 /* RedditEndpoint.swift in Sources */ = {isa = PBXBuildFile; fileRef = 9AF126E3251EB03D0089D562 /* RedditEndpoint.swift */; };
		9AF126E9251EB0890089D562 /* TopRedditProviderService.swift in Sources */ = {isa = PBXBuildFile; fileRef = 9AF126E8251EB0890089D562 /* TopRedditProviderService.swift */; };
		9AF126EE251EB0FD0089D562 /* RedditPost.swift in Sources */ = {isa = PBXBuildFile; fileRef = 9AF126ED251EB0FD0089D562 /* RedditPost.swift */; };
		9AF126F3251EB12F0089D562 /* TopRedditResult.swift in Sources */ = {isa = PBXBuildFile; fileRef = 9AF126F2251EB12F0089D562 /* TopRedditResult.swift */; };
		9AF126FB251ED2D00089D562 /* BaseSplitViewController.swift in Sources */ = {isa = PBXBuildFile; fileRef = 9AF126FA251ED2D00089D562 /* BaseSplitViewController.swift */; };
		9AF12700251ED2F80089D562 /* MasterViewController.swift in Sources */ = {isa = PBXBuildFile; fileRef = 9AF126FF251ED2F80089D562 /* MasterViewController.swift */; };
		9AF12705251ED3600089D562 /* MasterViewModel.swift in Sources */ = {isa = PBXBuildFile; fileRef = 9AF12704251ED3600089D562 /* MasterViewModel.swift */; };
		9AF1270A251ED38B0089D562 /* DefaultMasterViewModel.swift in Sources */ = {isa = PBXBuildFile; fileRef = 9AF12709251ED38B0089D562 /* DefaultMasterViewModel.swift */; };
		9AF1270F251ED3C30089D562 /* RedditPostDTO.swift in Sources */ = {isa = PBXBuildFile; fileRef = 9AF1270E251ED3C30089D562 /* RedditPostDTO.swift */; };
		9AF12714251ED3EE0089D562 /* TopRedditPage.swift in Sources */ = {isa = PBXBuildFile; fileRef = 9AF12713251ED3EE0089D562 /* TopRedditPage.swift */; };
		9AF12723251ED4F60089D562 /* RedditPostCollectionViewCell.swift in Sources */ = {isa = PBXBuildFile; fileRef = 9AF12721251ED4F60089D562 /* RedditPostCollectionViewCell.swift */; };
		9AF12724251ED4F60089D562 /* RedditPostCollectionViewCell.xib in Resources */ = {isa = PBXBuildFile; fileRef = 9AF12722251ED4F60089D562 /* RedditPostCollectionViewCell.xib */; };
		9AF12729251ED5050089D562 /* RedditPostCollectionViewModel.swift in Sources */ = {isa = PBXBuildFile; fileRef = 9AF12728251ED5050089D562 /* RedditPostCollectionViewModel.swift */; };
/* End PBXBuildFile section */

/* Begin PBXContainerItemProxy section */
		9AF1262C251E8A390089D562 /* PBXContainerItemProxy */ = {
			isa = PBXContainerItemProxy;
			containerPortal = 9AF1260D251E8A350089D562 /* Project object */;
			proxyType = 1;
			remoteGlobalIDString = 9AF12614251E8A350089D562;
			remoteInfo = iOSTestDeviget;
		};
		9AF12637251E8A390089D562 /* PBXContainerItemProxy */ = {
			isa = PBXContainerItemProxy;
			containerPortal = 9AF1260D251E8A350089D562 /* Project object */;
			proxyType = 1;
			remoteGlobalIDString = 9AF12614251E8A350089D562;
			remoteInfo = iOSTestDeviget;
		};
/* End PBXContainerItemProxy section */

/* Begin PBXFileReference section */
		9A684BA12520D2C700687ED5 /* FullScreenImageViewController.swift */ = {isa = PBXFileReference; lastKnownFileType = sourcecode.swift; path = FullScreenImageViewController.swift; sourceTree = "<group>"; };
		9A684BA62520D2DA00687ED5 /* FullScreenImageViewModel.swift */ = {isa = PBXFileReference; lastKnownFileType = sourcecode.swift; path = FullScreenImageViewModel.swift; sourceTree = "<group>"; };
		9A73F98E251F9CE900DD1C2B /* RedditPostDTOTestCases.swift */ = {isa = PBXFileReference; lastKnownFileType = sourcecode.swift; path = RedditPostDTOTestCases.swift; sourceTree = "<group>"; };
		9A73F995251F9EE000DD1C2B /* DefaultMasterViewModelTestCases.swift */ = {isa = PBXFileReference; lastKnownFileType = sourcecode.swift; path = DefaultMasterViewModelTestCases.swift; sourceTree = "<group>"; };
		9A73F99D251FA1C300DD1C2B /* TopRedditProviderServiceMock.swift */ = {isa = PBXFileReference; lastKnownFileType = sourcecode.swift; path = TopRedditProviderServiceMock.swift; sourceTree = "<group>"; };
		9A73F9A2251FAD0700DD1C2B /* TopRedditProviderServiceTestCases.swift */ = {isa = PBXFileReference; lastKnownFileType = sourcecode.swift; path = TopRedditProviderServiceTestCases.swift; sourceTree = "<group>"; };
		9A73F9A7251FAE0F00DD1C2B /* RequesterMock.swift */ = {isa = PBXFileReference; lastKnownFileType = sourcecode.swift; path = RequesterMock.swift; sourceTree = "<group>"; };
		9A73F9AC251FB1B200DD1C2B /* ImageDownloader.swift */ = {isa = PBXFileReference; lastKnownFileType = sourcecode.swift; path = ImageDownloader.swift; sourceTree = "<group>"; };
		9A73F9B2251FC42900DD1C2B /* RedditPostCollectionViewModelTestCases.swift */ = {isa = PBXFileReference; lastKnownFileType = sourcecode.swift; path = RedditPostCollectionViewModelTestCases.swift; sourceTree = "<group>"; };
		9A73F9BA251FC5C600DD1C2B /* DateProvider.swift */ = {isa = PBXFileReference; lastKnownFileType = sourcecode.swift; path = DateProvider.swift; sourceTree = "<group>"; };
		9A73F9C5251FD67100DD1C2B /* DetailViewController.swift */ = {isa = PBXFileReference; lastKnownFileType = sourcecode.swift; path = DetailViewController.swift; sourceTree = "<group>"; };
		9A73F9CA251FD67D00DD1C2B /* DetailViewModel.swift */ = {isa = PBXFileReference; lastKnownFileType = sourcecode.swift; path = DetailViewModel.swift; sourceTree = "<group>"; };
		9A73F9CF251FD6C600DD1C2B /* MediaType.swift */ = {isa = PBXFileReference; lastKnownFileType = sourcecode.swift; path = MediaType.swift; sourceTree = "<group>"; };
		9AF12615251E8A350089D562 /* iOSTestDeviget.app */ = {isa = PBXFileReference; explicitFileType = wrapper.application; includeInIndex = 0; path = iOSTestDeviget.app; sourceTree = BUILT_PRODUCTS_DIR; };
		9AF12618251E8A350089D562 /* AppDelegate.swift */ = {isa = PBXFileReference; lastKnownFileType = sourcecode.swift; path = AppDelegate.swift; sourceTree = "<group>"; };
		9AF1261C251E8A350089D562 /* ViewController.swift */ = {isa = PBXFileReference; lastKnownFileType = sourcecode.swift; path = ViewController.swift; sourceTree = "<group>"; };
		9AF1261F251E8A350089D562 /* Base */ = {isa = PBXFileReference; lastKnownFileType = file.storyboard; name = Base; path = Base.lproj/Main.storyboard; sourceTree = "<group>"; };
		9AF12621251E8A390089D562 /* Assets.xcassets */ = {isa = PBXFileReference; lastKnownFileType = folder.assetcatalog; path = Assets.xcassets; sourceTree = "<group>"; };
		9AF12624251E8A390089D562 /* Base */ = {isa = PBXFileReference; lastKnownFileType = file.storyboard; name = Base; path = Base.lproj/LaunchScreen.storyboard; sourceTree = "<group>"; };
		9AF12626251E8A390089D562 /* Info.plist */ = {isa = PBXFileReference; lastKnownFileType = text.plist.xml; path = Info.plist; sourceTree = "<group>"; };
		9AF1262B251E8A390089D562 /* iOSTestDevigetTests.xctest */ = {isa = PBXFileReference; explicitFileType = wrapper.cfbundle; includeInIndex = 0; path = iOSTestDevigetTests.xctest; sourceTree = BUILT_PRODUCTS_DIR; };
		9AF1262F251E8A390089D562 /* iOSTestDevigetTests.swift */ = {isa = PBXFileReference; lastKnownFileType = sourcecode.swift; path = iOSTestDevigetTests.swift; sourceTree = "<group>"; };
		9AF12631251E8A390089D562 /* Info.plist */ = {isa = PBXFileReference; lastKnownFileType = text.plist.xml; path = Info.plist; sourceTree = "<group>"; };
		9AF12636251E8A390089D562 /* iOSTestDevigetUITests.xctest */ = {isa = PBXFileReference; explicitFileType = wrapper.cfbundle; includeInIndex = 0; path = iOSTestDevigetUITests.xctest; sourceTree = BUILT_PRODUCTS_DIR; };
		9AF1263A251E8A390089D562 /* iOSTestDevigetUITests.swift */ = {isa = PBXFileReference; lastKnownFileType = sourcecode.swift; path = iOSTestDevigetUITests.swift; sourceTree = "<group>"; };
		9AF1263C251E8A390089D562 /* Info.plist */ = {isa = PBXFileReference; lastKnownFileType = text.plist.xml; path = Info.plist; sourceTree = "<group>"; };
		9AF1265A251E8E770089D562 /* Endpoint.swift */ = {isa = PBXFileReference; lastKnownFileType = sourcecode.swift; path = Endpoint.swift; sourceTree = "<group>"; };
		9AF12662251E8E820089D562 /* Requester.swift */ = {isa = PBXFileReference; lastKnownFileType = sourcecode.swift; path = Requester.swift; sourceTree = "<group>"; };
		9AF12667251E8E8C0089D562 /* ParameterEncoder.swift */ = {isa = PBXFileReference; lastKnownFileType = sourcecode.swift; path = ParameterEncoder.swift; sourceTree = "<group>"; };
		9AF12674251E8EF00089D562 /* HTTPTask.swift */ = {isa = PBXFileReference; lastKnownFileType = sourcecode.swift; path = HTTPTask.swift; sourceTree = "<group>"; };
		9AF12679251E8F050089D562 /* Parameters.swift */ = {isa = PBXFileReference; lastKnownFileType = sourcecode.swift; path = Parameters.swift; sourceTree = "<group>"; };
		9AF1267E251E8F180089D562 /* HTTPMethod.swift */ = {isa = PBXFileReference; lastKnownFileType = sourcecode.swift; path = HTTPMethod.swift; sourceTree = "<group>"; };
		9AF12683251E8F2F0089D562 /* URLParameterEncoder.swift */ = {isa = PBXFileReference; lastKnownFileType = sourcecode.swift; path = URLParameterEncoder.swift; sourceTree = "<group>"; };
		9AF12688251E8F650089D562 /* ParameterEncoderType.swift */ = {isa = PBXFileReference; lastKnownFileType = sourcecode.swift; path = ParameterEncoderType.swift; sourceTree = "<group>"; };
		9AF1268D251E8F7B0089D562 /* RequestError.swift */ = {isa = PBXFileReference; lastKnownFileType = sourcecode.swift; path = RequestError.swift; sourceTree = "<group>"; };
		9AF12695251E901E0089D562 /* DefaultRequester.swift */ = {isa = PBXFileReference; lastKnownFileType = sourcecode.swift; path = DefaultRequester.swift; sourceTree = "<group>"; };
		9AF1269A251E90390089D562 /* RequesterError.swift */ = {isa = PBXFileReference; lastKnownFileType = sourcecode.swift; path = RequesterError.swift; sourceTree = "<group>"; };
		9AF1269F251E90910089D562 /* URLSessionDataTaskFactory.swift */ = {isa = PBXFileReference; lastKnownFileType = sourcecode.swift; path = URLSessionDataTaskFactory.swift; sourceTree = "<group>"; };
		9AF126BE251E9C9D0089D562 /* DefaultRequesterTestCases.swift */ = {isa = PBXFileReference; lastKnownFileType = sourcecode.swift; path = DefaultRequesterTestCases.swift; sourceTree = "<group>"; };
		9AF126C7251E9DDE0089D562 /* URLSessionDataTaskFactoryMock.swift */ = {isa = PBXFileReference; lastKnownFileType = sourcecode.swift; path = URLSessionDataTaskFactoryMock.swift; sourceTree = "<group>"; };
		9AF126CF251E9E920089D562 /* CancellableRequest.swift */ = {isa = PBXFileReference; lastKnownFileType = sourcecode.swift; path = CancellableRequest.swift; sourceTree = "<group>"; };
		9AF126D4251E9F410089D562 /* CancellableRequestMosk.swift */ = {isa = PBXFileReference; lastKnownFileType = sourcecode.swift; path = CancellableRequestMosk.swift; sourceTree = "<group>"; };
		9AF126D9251EA5B70089D562 /* URLParameterEncoderTestCases.swift */ = {isa = PBXFileReference; lastKnownFileType = sourcecode.swift; path = URLParameterEncoderTestCases.swift; sourceTree = "<group>"; };
		9AF126DE251EA7B40089D562 /* ParameterEncoderTypeTestCases.swift */ = {isa = PBXFileReference; lastKnownFileType = sourcecode.swift; path = ParameterEncoderTypeTestCases.swift; sourceTree = "<group>"; };
		9AF126E3251EB03D0089D562 /* RedditEndpoint.swift */ = {isa = PBXFileReference; lastKnownFileType = sourcecode.swift; path = RedditEndpoint.swift; sourceTree = "<group>"; };
		9AF126E8251EB0890089D562 /* TopRedditProviderService.swift */ = {isa = PBXFileReference; lastKnownFileType = sourcecode.swift; path = TopRedditProviderService.swift; sourceTree = "<group>"; };
		9AF126ED251EB0FD0089D562 /* RedditPost.swift */ = {isa = PBXFileReference; lastKnownFileType = sourcecode.swift; path = RedditPost.swift; sourceTree = "<group>"; };
		9AF126F2251EB12F0089D562 /* TopRedditResult.swift */ = {isa = PBXFileReference; lastKnownFileType = sourcecode.swift; path = TopRedditResult.swift; sourceTree = "<group>"; };
		9AF126FA251ED2D00089D562 /* BaseSplitViewController.swift */ = {isa = PBXFileReference; lastKnownFileType = sourcecode.swift; path = BaseSplitViewController.swift; sourceTree = "<group>"; };
		9AF126FF251ED2F80089D562 /* MasterViewController.swift */ = {isa = PBXFileReference; lastKnownFileType = sourcecode.swift; path = MasterViewController.swift; sourceTree = "<group>"; };
		9AF12704251ED3600089D562 /* MasterViewModel.swift */ = {isa = PBXFileReference; lastKnownFileType = sourcecode.swift; path = MasterViewModel.swift; sourceTree = "<group>"; };
		9AF12709251ED38B0089D562 /* DefaultMasterViewModel.swift */ = {isa = PBXFileReference; lastKnownFileType = sourcecode.swift; path = DefaultMasterViewModel.swift; sourceTree = "<group>"; };
		9AF1270E251ED3C30089D562 /* RedditPostDTO.swift */ = {isa = PBXFileReference; lastKnownFileType = sourcecode.swift; path = RedditPostDTO.swift; sourceTree = "<group>"; };
		9AF12713251ED3EE0089D562 /* TopRedditPage.swift */ = {isa = PBXFileReference; lastKnownFileType = sourcecode.swift; path = TopRedditPage.swift; sourceTree = "<group>"; };
		9AF12721251ED4F60089D562 /* RedditPostCollectionViewCell.swift */ = {isa = PBXFileReference; lastKnownFileType = sourcecode.swift; path = RedditPostCollectionViewCell.swift; sourceTree = "<group>"; };
		9AF12722251ED4F60089D562 /* RedditPostCollectionViewCell.xib */ = {isa = PBXFileReference; lastKnownFileType = file.xib; path = RedditPostCollectionViewCell.xib; sourceTree = "<group>"; };
		9AF12728251ED5050089D562 /* RedditPostCollectionViewModel.swift */ = {isa = PBXFileReference; lastKnownFileType = sourcecode.swift; path = RedditPostCollectionViewModel.swift; sourceTree = "<group>"; };
/* End PBXFileReference section */

/* Begin PBXFrameworksBuildPhase section */
		9AF12612251E8A350089D562 /* Frameworks */ = {
			isa = PBXFrameworksBuildPhase;
			buildActionMask = 2147483647;
			files = (
			);
			runOnlyForDeploymentPostprocessing = 0;
		};
		9AF12628251E8A390089D562 /* Frameworks */ = {
			isa = PBXFrameworksBuildPhase;
			buildActionMask = 2147483647;
			files = (
			);
			runOnlyForDeploymentPostprocessing = 0;
		};
		9AF12633251E8A390089D562 /* Frameworks */ = {
			isa = PBXFrameworksBuildPhase;
			buildActionMask = 2147483647;
			files = (
			);
			runOnlyForDeploymentPostprocessing = 0;
		};
/* End PBXFrameworksBuildPhase section */

/* Begin PBXGroup section */
		9A684BA02520D2A200687ED5 /* FullScreenScene */ = {
			isa = PBXGroup;
			children = (
				9A684BA12520D2C700687ED5 /* FullScreenImageViewController.swift */,
				9A684BA62520D2DA00687ED5 /* FullScreenImageViewModel.swift */,
			);
			path = FullScreenScene;
			sourceTree = "<group>";
		};
		9A73F993251F9EC000DD1C2B /* Scenes */ = {
			isa = PBXGroup;
			children = (
				9A73F994251F9EC500DD1C2B /* MasterScene */,
			);
			path = Scenes;
			sourceTree = "<group>";
		};
		9A73F994251F9EC500DD1C2B /* MasterScene */ = {
			isa = PBXGroup;
			children = (
				9A73F9B1251FC37300DD1C2B /* SceneCells */,
				9A73F995251F9EE000DD1C2B /* DefaultMasterViewModelTestCases.swift */,
			);
			path = MasterScene;
			sourceTree = "<group>";
		};
		9A73F9B1251FC37300DD1C2B /* SceneCells */ = {
			isa = PBXGroup;
			children = (
				9A73F9B2251FC42900DD1C2B /* RedditPostCollectionViewModelTestCases.swift */,
			);
			path = SceneCells;
			sourceTree = "<group>";
		};
		9AF1260C251E8A350089D562 = {
			isa = PBXGroup;
			children = (
				9AF12617251E8A350089D562 /* iOSTestDeviget */,
				9AF1262E251E8A390089D562 /* iOSTestDevigetTests */,
				9AF12639251E8A390089D562 /* iOSTestDevigetUITests */,
				9AF12616251E8A350089D562 /* Products */,
			);
			sourceTree = "<group>";
		};
		9AF12616251E8A350089D562 /* Products */ = {
			isa = PBXGroup;
			children = (
				9AF12615251E8A350089D562 /* iOSTestDeviget.app */,
				9AF1262B251E8A390089D562 /* iOSTestDevigetTests.xctest */,
				9AF12636251E8A390089D562 /* iOSTestDevigetUITests.xctest */,
			);
			name = Products;
			sourceTree = "<group>";
		};
		9AF12617251E8A350089D562 /* iOSTestDeviget */ = {
			isa = PBXGroup;
			children = (
				9AF1264E251E8C390089D562 /* Models */,
				9AF1264D251E8C270089D562 /* Scenes */,
				9AF1264C251E8C200089D562 /* Networking */,
				9AF1264B251E8C190089D562 /* Resources */,
				9AF12618251E8A350089D562 /* AppDelegate.swift */,
			);
			path = iOSTestDeviget;
			sourceTree = "<group>";
		};
		9AF1262E251E8A390089D562 /* iOSTestDevigetTests */ = {
			isa = PBXGroup;
			children = (
				9AF126C6251E9DC80089D562 /* Mocks */,
				9A73F993251F9EC000DD1C2B /* Scenes */,
				9AF12651251E8C880089D562 /* Networking */,
				9AF12650251E8C830089D562 /* Models */,
				9AF1262F251E8A390089D562 /* iOSTestDevigetTests.swift */,
				9AF12631251E8A390089D562 /* Info.plist */,
			);
			path = iOSTestDevigetTests;
			sourceTree = "<group>";
		};
		9AF12639251E8A390089D562 /* iOSTestDevigetUITests */ = {
			isa = PBXGroup;
			children = (
				9AF1263A251E8A390089D562 /* iOSTestDevigetUITests.swift */,
				9AF1263C251E8A390089D562 /* Info.plist */,
			);
			path = iOSTestDevigetUITests;
			sourceTree = "<group>";
		};
		9AF1264B251E8C190089D562 /* Resources */ = {
			isa = PBXGroup;
			children = (
				9AF1261E251E8A350089D562 /* Main.storyboard */,
				9AF12621251E8A390089D562 /* Assets.xcassets */,
				9AF12623251E8A390089D562 /* LaunchScreen.storyboard */,
				9AF12626251E8A390089D562 /* Info.plist */,
			);
			path = Resources;
			sourceTree = "<group>";
		};
		9AF1264C251E8C200089D562 /* Networking */ = {
			isa = PBXGroup;
			children = (
				9AF12659251E8DFF0089D562 /* Endpoints */,
				9AF12658251E8DF80089D562 /* Protocols */,
				9AF12655251E8DE40089D562 /* Requester */,
				9AF12656251E8DEC0089D562 /* Services */,
				9AF12657251E8DF30089D562 /* Utils */,
			);
			path = Networking;
			sourceTree = "<group>";
		};
		9AF1264D251E8C270089D562 /* Scenes */ = {
			isa = PBXGroup;
			children = (
				9AF126F7251ED29C0089D562 /* RootContainer */,
				9AF126F9251ED2B60089D562 /* MasterScene */,
				9AF126F8251ED2AF0089D562 /* DetailScene */,
				9A684BA02520D2A200687ED5 /* FullScreenScene */,
				9AF1261C251E8A350089D562 /* ViewController.swift */,
			);
			path = Scenes;
			sourceTree = "<group>";
		};
		9AF1264E251E8C390089D562 /* Models */ = {
			isa = PBXGroup;
			children = (
				9AF126ED251EB0FD0089D562 /* RedditPost.swift */,
				9AF126F2251EB12F0089D562 /* TopRedditResult.swift */,
				9AF1270E251ED3C30089D562 /* RedditPostDTO.swift */,
				9AF12713251ED3EE0089D562 /* TopRedditPage.swift */,
				9A73F9CF251FD6C600DD1C2B /* MediaType.swift */,
			);
			path = Models;
			sourceTree = "<group>";
		};
		9AF12650251E8C830089D562 /* Models */ = {
			isa = PBXGroup;
			children = (
				9A73F98E251F9CE900DD1C2B /* RedditPostDTOTestCases.swift */,
			);
			path = Models;
			sourceTree = "<group>";
		};
		9AF12651251E8C880089D562 /* Networking */ = {
			isa = PBXGroup;
			children = (
				9AF126BA251E9C510089D562 /* Endpoints */,
				9AF126BB251E9C580089D562 /* Requester */,
				9AF126BC251E9C680089D562 /* Service */,
				9AF126BD251E9C6C0089D562 /* Utils */,
			);
			path = Networking;
			sourceTree = "<group>";
		};
		9AF12655251E8DE40089D562 /* Requester */ = {
			isa = PBXGroup;
			children = (
				9AF12695251E901E0089D562 /* DefaultRequester.swift */,
				9AF1269A251E90390089D562 /* RequesterError.swift */,
			);
			path = Requester;
			sourceTree = "<group>";
		};
		9AF12656251E8DEC0089D562 /* Services */ = {
			isa = PBXGroup;
			children = (
				9AF126E8251EB0890089D562 /* TopRedditProviderService.swift */,
				9A73F9AC251FB1B200DD1C2B /* ImageDownloader.swift */,
			);
			path = Services;
			sourceTree = "<group>";
		};
		9AF12657251E8DF30089D562 /* Utils */ = {
			isa = PBXGroup;
			children = (
				9AF12674251E8EF00089D562 /* HTTPTask.swift */,
				9AF12679251E8F050089D562 /* Parameters.swift */,
				9AF1267E251E8F180089D562 /* HTTPMethod.swift */,
				9AF12683251E8F2F0089D562 /* URLParameterEncoder.swift */,
				9AF12688251E8F650089D562 /* ParameterEncoderType.swift */,
				9AF1268D251E8F7B0089D562 /* RequestError.swift */,
				9AF126CF251E9E920089D562 /* CancellableRequest.swift */,
			);
			path = Utils;
			sourceTree = "<group>";
		};
		9AF12658251E8DF80089D562 /* Protocols */ = {
			isa = PBXGroup;
			children = (
				9AF1265A251E8E770089D562 /* Endpoint.swift */,
				9AF12662251E8E820089D562 /* Requester.swift */,
				9AF12667251E8E8C0089D562 /* ParameterEncoder.swift */,
				9AF1269F251E90910089D562 /* URLSessionDataTaskFactory.swift */,
				9A73F9BA251FC5C600DD1C2B /* DateProvider.swift */,
			);
			path = Protocols;
			sourceTree = "<group>";
		};
		9AF12659251E8DFF0089D562 /* Endpoints */ = {
			isa = PBXGroup;
			children = (
				9AF126E3251EB03D0089D562 /* RedditEndpoint.swift */,
			);
			path = Endpoints;
			sourceTree = "<group>";
		};
		9AF126BA251E9C510089D562 /* Endpoints */ = {
			isa = PBXGroup;
			children = (
			);
			path = Endpoints;
			sourceTree = "<group>";
		};
		9AF126BB251E9C580089D562 /* Requester */ = {
			isa = PBXGroup;
			children = (
				9AF126BE251E9C9D0089D562 /* DefaultRequesterTestCases.swift */,
			);
			path = Requester;
			sourceTree = "<group>";
		};
		9AF126BC251E9C680089D562 /* Service */ = {
			isa = PBXGroup;
			children = (
				9A73F9A2251FAD0700DD1C2B /* TopRedditProviderServiceTestCases.swift */,
			);
			path = Service;
			sourceTree = "<group>";
		};
		9AF126BD251E9C6C0089D562 /* Utils */ = {
			isa = PBXGroup;
			children = (
				9AF126D9251EA5B70089D562 /* URLParameterEncoderTestCases.swift */,
				9AF126DE251EA7B40089D562 /* ParameterEncoderTypeTestCases.swift */,
			);
			path = Utils;
			sourceTree = "<group>";
		};
		9AF126C6251E9DC80089D562 /* Mocks */ = {
			isa = PBXGroup;
			children = (
				9AF126C7251E9DDE0089D562 /* URLSessionDataTaskFactoryMock.swift */,
				9AF126D4251E9F410089D562 /* CancellableRequestMosk.swift */,
				9A73F99D251FA1C300DD1C2B /* TopRedditProviderServiceMock.swift */,
				9A73F9A7251FAE0F00DD1C2B /* RequesterMock.swift */,
			);
			path = Mocks;
			sourceTree = "<group>";
		};
		9AF126F7251ED29C0089D562 /* RootContainer */ = {
			isa = PBXGroup;
			children = (
				9AF126FA251ED2D00089D562 /* BaseSplitViewController.swift */,
			);
			path = RootContainer;
			sourceTree = "<group>";
		};
		9AF126F8251ED2AF0089D562 /* DetailScene */ = {
			isa = PBXGroup;
			children = (
				9A73F9C5251FD67100DD1C2B /* DetailViewController.swift */,
				9A73F9CA251FD67D00DD1C2B /* DetailViewModel.swift */,
			);
			path = DetailScene;
			sourceTree = "<group>";
		};
		9AF126F9251ED2B60089D562 /* MasterScene */ = {
			isa = PBXGroup;
			children = (
				9AF12718251ED4C20089D562 /* SceneCells */,
				9AF126FF251ED2F80089D562 /* MasterViewController.swift */,
				9AF12704251ED3600089D562 /* MasterViewModel.swift */,
				9AF12709251ED38B0089D562 /* DefaultMasterViewModel.swift */,
			);
			path = MasterScene;
			sourceTree = "<group>";
		};
		9AF12718251ED4C20089D562 /* SceneCells */ = {
			isa = PBXGroup;
			children = (
				9AF12721251ED4F60089D562 /* RedditPostCollectionViewCell.swift */,
				9AF12722251ED4F60089D562 /* RedditPostCollectionViewCell.xib */,
				9AF12728251ED5050089D562 /* RedditPostCollectionViewModel.swift */,
			);
			path = SceneCells;
			sourceTree = "<group>";
		};
/* End PBXGroup section */

/* Begin PBXNativeTarget section */
		9AF12614251E8A350089D562 /* iOSTestDeviget */ = {
			isa = PBXNativeTarget;
			buildConfigurationList = 9AF1263F251E8A390089D562 /* Build configuration list for PBXNativeTarget "iOSTestDeviget" */;
			buildPhases = (
				9AF12611251E8A350089D562 /* Sources */,
				9AF12612251E8A350089D562 /* Frameworks */,
				9AF12613251E8A350089D562 /* Resources */,
			);
			buildRules = (
			);
			dependencies = (
			);
			name = iOSTestDeviget;
			productName = iOSTestDeviget;
			productReference = 9AF12615251E8A350089D562 /* iOSTestDeviget.app */;
			productType = "com.apple.product-type.application";
		};
		9AF1262A251E8A390089D562 /* iOSTestDevigetTests */ = {
			isa = PBXNativeTarget;
			buildConfigurationList = 9AF12642251E8A390089D562 /* Build configuration list for PBXNativeTarget "iOSTestDevigetTests" */;
			buildPhases = (
				9AF12627251E8A390089D562 /* Sources */,
				9AF12628251E8A390089D562 /* Frameworks */,
				9AF12629251E8A390089D562 /* Resources */,
			);
			buildRules = (
			);
			dependencies = (
				9AF1262D251E8A390089D562 /* PBXTargetDependency */,
			);
			name = iOSTestDevigetTests;
			productName = iOSTestDevigetTests;
			productReference = 9AF1262B251E8A390089D562 /* iOSTestDevigetTests.xctest */;
			productType = "com.apple.product-type.bundle.unit-test";
		};
		9AF12635251E8A390089D562 /* iOSTestDevigetUITests */ = {
			isa = PBXNativeTarget;
			buildConfigurationList = 9AF12645251E8A390089D562 /* Build configuration list for PBXNativeTarget "iOSTestDevigetUITests" */;
			buildPhases = (
				9AF12632251E8A390089D562 /* Sources */,
				9AF12633251E8A390089D562 /* Frameworks */,
				9AF12634251E8A390089D562 /* Resources */,
			);
			buildRules = (
			);
			dependencies = (
				9AF12638251E8A390089D562 /* PBXTargetDependency */,
			);
			name = iOSTestDevigetUITests;
			productName = iOSTestDevigetUITests;
			productReference = 9AF12636251E8A390089D562 /* iOSTestDevigetUITests.xctest */;
			productType = "com.apple.product-type.bundle.ui-testing";
		};
/* End PBXNativeTarget section */

/* Begin PBXProject section */
		9AF1260D251E8A350089D562 /* Project object */ = {
			isa = PBXProject;
			attributes = {
				LastSwiftUpdateCheck = 1200;
				LastUpgradeCheck = 1200;
				TargetAttributes = {
					9AF12614251E8A350089D562 = {
						CreatedOnToolsVersion = 12.0;
					};
					9AF1262A251E8A390089D562 = {
						CreatedOnToolsVersion = 12.0;
						TestTargetID = 9AF12614251E8A350089D562;
					};
					9AF12635251E8A390089D562 = {
						CreatedOnToolsVersion = 12.0;
						TestTargetID = 9AF12614251E8A350089D562;
					};
				};
			};
			buildConfigurationList = 9AF12610251E8A350089D562 /* Build configuration list for PBXProject "iOSTestDeviget" */;
			compatibilityVersion = "Xcode 9.3";
			developmentRegion = en;
			hasScannedForEncodings = 0;
			knownRegions = (
				en,
				Base,
			);
			mainGroup = 9AF1260C251E8A350089D562;
			productRefGroup = 9AF12616251E8A350089D562 /* Products */;
			projectDirPath = "";
			projectRoot = "";
			targets = (
				9AF12614251E8A350089D562 /* iOSTestDeviget */,
				9AF1262A251E8A390089D562 /* iOSTestDevigetTests */,
				9AF12635251E8A390089D562 /* iOSTestDevigetUITests */,
			);
		};
/* End PBXProject section */

/* Begin PBXResourcesBuildPhase section */
		9AF12613251E8A350089D562 /* Resources */ = {
			isa = PBXResourcesBuildPhase;
			buildActionMask = 2147483647;
			files = (
				9AF12724251ED4F60089D562 /* RedditPostCollectionViewCell.xib in Resources */,
				9AF12625251E8A390089D562 /* LaunchScreen.storyboard in Resources */,
				9AF12622251E8A390089D562 /* Assets.xcassets in Resources */,
				9AF12620251E8A350089D562 /* Main.storyboard in Resources */,
			);
			runOnlyForDeploymentPostprocessing = 0;
		};
		9AF12629251E8A390089D562 /* Resources */ = {
			isa = PBXResourcesBuildPhase;
			buildActionMask = 2147483647;
			files = (
			);
			runOnlyForDeploymentPostprocessing = 0;
		};
		9AF12634251E8A390089D562 /* Resources */ = {
			isa = PBXResourcesBuildPhase;
			buildActionMask = 2147483647;
			files = (
			);
			runOnlyForDeploymentPostprocessing = 0;
		};
/* End PBXResourcesBuildPhase section */

/* Begin PBXSourcesBuildPhase section */
		9AF12611251E8A350089D562 /* Sources */ = {
			isa = PBXSourcesBuildPhase;
			buildActionMask = 2147483647;
			files = (
				9AF12675251E8EF00089D562 /* HTTPTask.swift in Sources */,
				9AF1270F251ED3C30089D562 /* RedditPostDTO.swift in Sources */,
				9AF12705251ED3600089D562 /* MasterViewModel.swift in Sources */,
				9AF126EE251EB0FD0089D562 /* RedditPost.swift in Sources */,
				9AF12700251ED2F80089D562 /* MasterViewController.swift in Sources */,
				9A684BA22520D2C700687ED5 /* FullScreenImageViewController.swift in Sources */,
				9AF12668251E8E8C0089D562 /* ParameterEncoder.swift in Sources */,
				9AF126D0251E9E920089D562 /* CancellableRequest.swift in Sources */,
				9AF1261D251E8A350089D562 /* ViewController.swift in Sources */,
				9AF12714251ED3EE0089D562 /* TopRedditPage.swift in Sources */,
				9A73F9D0251FD6C600DD1C2B /* MediaType.swift in Sources */,
				9AF12723251ED4F60089D562 /* RedditPostCollectionViewCell.swift in Sources */,
				9AF126E9251EB0890089D562 /* TopRedditProviderService.swift in Sources */,
				9AF12619251E8A350089D562 /* AppDelegate.swift in Sources */,
				9AF12729251ED5050089D562 /* RedditPostCollectionViewModel.swift in Sources */,
				9AF126FB251ED2D00089D562 /* BaseSplitViewController.swift in Sources */,
				9AF1265B251E8E770089D562 /* Endpoint.swift in Sources */,
				9A73F9CB251FD67D00DD1C2B /* DetailViewModel.swift in Sources */,
				9AF1267F251E8F180089D562 /* HTTPMethod.swift in Sources */,
				9A73F9BB251FC5C600DD1C2B /* DateProvider.swift in Sources */,
				9AF12689251E8F650089D562 /* ParameterEncoderType.swift in Sources */,
				9AF126F3251EB12F0089D562 /* TopRedditResult.swift in Sources */,
				9A73F9C6251FD67100DD1C2B /* DetailViewController.swift in Sources */,
				9AF1269B251E90390089D562 /* RequesterError.swift in Sources */,
				9AF126E4251EB03D0089D562 /* RedditEndpoint.swift in Sources */,
				9AF12663251E8E820089D562 /* Requester.swift in Sources */,
				9AF1268E251E8F7B0089D562 /* RequestError.swift in Sources */,
				9AF12684251E8F2F0089D562 /* URLParameterEncoder.swift in Sources */,
				9A73F9AD251FB1B200DD1C2B /* ImageDownloader.swift in Sources */,
				9AF1270A251ED38B0089D562 /* DefaultMasterViewModel.swift in Sources */,
				9A684BA72520D2DA00687ED5 /* FullScreenImageViewModel.swift in Sources */,
				9AF126A0251E90910089D562 /* URLSessionDataTaskFactory.swift in Sources */,
				9AF1267A251E8F050089D562 /* Parameters.swift in Sources */,
				9AF12696251E901E0089D562 /* DefaultRequester.swift in Sources */,
			);
			runOnlyForDeploymentPostprocessing = 0;
		};
		9AF12627251E8A390089D562 /* Sources */ = {
			isa = PBXSourcesBuildPhase;
			buildActionMask = 2147483647;
			files = (
				9AF126DA251EA5B70089D562 /* URLParameterEncoderTestCases.swift in Sources */,
				9AF126D5251E9F410089D562 /* CancellableRequestMosk.swift in Sources */,
				9AF126DF251EA7B40089D562 /* ParameterEncoderTypeTestCases.swift in Sources */,
				9A73F98F251F9CE900DD1C2B /* RedditPostDTOTestCases.swift in Sources */,
				9A73F9A8251FAE0F00DD1C2B /* RequesterMock.swift in Sources */,
				9A73F99E251FA1C300DD1C2B /* TopRedditProviderServiceMock.swift in Sources */,
				9A73F996251F9EE000DD1C2B /* DefaultMasterViewModelTestCases.swift in Sources */,
				9AF126C8251E9DDE0089D562 /* URLSessionDataTaskFactoryMock.swift in Sources */,
				9A73F9B3251FC42900DD1C2B /* RedditPostCollectionViewModelTestCases.swift in Sources */,
				9AF126BF251E9C9D0089D562 /* DefaultRequesterTestCases.swift in Sources */,
				9A73F9A3251FAD0700DD1C2B /* TopRedditProviderServiceTestCases.swift in Sources */,
				9AF12630251E8A390089D562 /* iOSTestDevigetTests.swift in Sources */,
			);
			runOnlyForDeploymentPostprocessing = 0;
		};
		9AF12632251E8A390089D562 /* Sources */ = {
			isa = PBXSourcesBuildPhase;
			buildActionMask = 2147483647;
			files = (
				9AF1263B251E8A390089D562 /* iOSTestDevigetUITests.swift in Sources */,
			);
			runOnlyForDeploymentPostprocessing = 0;
		};
/* End PBXSourcesBuildPhase section */

/* Begin PBXTargetDependency section */
		9AF1262D251E8A390089D562 /* PBXTargetDependency */ = {
			isa = PBXTargetDependency;
			target = 9AF12614251E8A350089D562 /* iOSTestDeviget */;
			targetProxy = 9AF1262C251E8A390089D562 /* PBXContainerItemProxy */;
		};
		9AF12638251E8A390089D562 /* PBXTargetDependency */ = {
			isa = PBXTargetDependency;
			target = 9AF12614251E8A350089D562 /* iOSTestDeviget */;
			targetProxy = 9AF12637251E8A390089D562 /* PBXContainerItemProxy */;
		};
/* End PBXTargetDependency section */

/* Begin PBXVariantGroup section */
		9AF1261E251E8A350089D562 /* Main.storyboard */ = {
			isa = PBXVariantGroup;
			children = (
				9AF1261F251E8A350089D562 /* Base */,
			);
			name = Main.storyboard;
			sourceTree = "<group>";
		};
		9AF12623251E8A390089D562 /* LaunchScreen.storyboard */ = {
			isa = PBXVariantGroup;
			children = (
				9AF12624251E8A390089D562 /* Base */,
			);
			name = LaunchScreen.storyboard;
			sourceTree = "<group>";
		};
/* End PBXVariantGroup section */

/* Begin XCBuildConfiguration section */
		9AF1263D251E8A390089D562 /* Debug */ = {
			isa = XCBuildConfiguration;
			buildSettings = {
				ALWAYS_SEARCH_USER_PATHS = NO;
				CLANG_ANALYZER_NONNULL = YES;
				CLANG_ANALYZER_NUMBER_OBJECT_CONVERSION = YES_AGGRESSIVE;
				CLANG_CXX_LANGUAGE_STANDARD = "gnu++14";
				CLANG_CXX_LIBRARY = "libc++";
				CLANG_ENABLE_MODULES = YES;
				CLANG_ENABLE_OBJC_ARC = YES;
				CLANG_ENABLE_OBJC_WEAK = YES;
				CLANG_WARN_BLOCK_CAPTURE_AUTORELEASING = YES;
				CLANG_WARN_BOOL_CONVERSION = YES;
				CLANG_WARN_COMMA = YES;
				CLANG_WARN_CONSTANT_CONVERSION = YES;
				CLANG_WARN_DEPRECATED_OBJC_IMPLEMENTATIONS = YES;
				CLANG_WARN_DIRECT_OBJC_ISA_USAGE = YES_ERROR;
				CLANG_WARN_DOCUMENTATION_COMMENTS = YES;
				CLANG_WARN_EMPTY_BODY = YES;
				CLANG_WARN_ENUM_CONVERSION = YES;
				CLANG_WARN_INFINITE_RECURSION = YES;
				CLANG_WARN_INT_CONVERSION = YES;
				CLANG_WARN_NON_LITERAL_NULL_CONVERSION = YES;
				CLANG_WARN_OBJC_IMPLICIT_RETAIN_SELF = YES;
				CLANG_WARN_OBJC_LITERAL_CONVERSION = YES;
				CLANG_WARN_OBJC_ROOT_CLASS = YES_ERROR;
				CLANG_WARN_QUOTED_INCLUDE_IN_FRAMEWORK_HEADER = YES;
				CLANG_WARN_RANGE_LOOP_ANALYSIS = YES;
				CLANG_WARN_STRICT_PROTOTYPES = YES;
				CLANG_WARN_SUSPICIOUS_MOVE = YES;
				CLANG_WARN_UNGUARDED_AVAILABILITY = YES_AGGRESSIVE;
				CLANG_WARN_UNREACHABLE_CODE = YES;
				CLANG_WARN__DUPLICATE_METHOD_MATCH = YES;
				COPY_PHASE_STRIP = NO;
				DEBUG_INFORMATION_FORMAT = dwarf;
				ENABLE_STRICT_OBJC_MSGSEND = YES;
				ENABLE_TESTABILITY = YES;
				GCC_C_LANGUAGE_STANDARD = gnu11;
				GCC_DYNAMIC_NO_PIC = NO;
				GCC_NO_COMMON_BLOCKS = YES;
				GCC_OPTIMIZATION_LEVEL = 0;
				GCC_PREPROCESSOR_DEFINITIONS = (
					"DEBUG=1",
					"$(inherited)",
				);
				GCC_WARN_64_TO_32_BIT_CONVERSION = YES;
				GCC_WARN_ABOUT_RETURN_TYPE = YES_ERROR;
				GCC_WARN_UNDECLARED_SELECTOR = YES;
				GCC_WARN_UNINITIALIZED_AUTOS = YES_AGGRESSIVE;
				GCC_WARN_UNUSED_FUNCTION = YES;
				GCC_WARN_UNUSED_VARIABLE = YES;
				IPHONEOS_DEPLOYMENT_TARGET = 14.0;
				MTL_ENABLE_DEBUG_INFO = INCLUDE_SOURCE;
				MTL_FAST_MATH = YES;
				ONLY_ACTIVE_ARCH = YES;
				SDKROOT = iphoneos;
				SWIFT_ACTIVE_COMPILATION_CONDITIONS = DEBUG;
				SWIFT_OPTIMIZATION_LEVEL = "-Onone";
			};
			name = Debug;
		};
		9AF1263E251E8A390089D562 /* Release */ = {
			isa = XCBuildConfiguration;
			buildSettings = {
				ALWAYS_SEARCH_USER_PATHS = NO;
				CLANG_ANALYZER_NONNULL = YES;
				CLANG_ANALYZER_NUMBER_OBJECT_CONVERSION = YES_AGGRESSIVE;
				CLANG_CXX_LANGUAGE_STANDARD = "gnu++14";
				CLANG_CXX_LIBRARY = "libc++";
				CLANG_ENABLE_MODULES = YES;
				CLANG_ENABLE_OBJC_ARC = YES;
				CLANG_ENABLE_OBJC_WEAK = YES;
				CLANG_WARN_BLOCK_CAPTURE_AUTORELEASING = YES;
				CLANG_WARN_BOOL_CONVERSION = YES;
				CLANG_WARN_COMMA = YES;
				CLANG_WARN_CONSTANT_CONVERSION = YES;
				CLANG_WARN_DEPRECATED_OBJC_IMPLEMENTATIONS = YES;
				CLANG_WARN_DIRECT_OBJC_ISA_USAGE = YES_ERROR;
				CLANG_WARN_DOCUMENTATION_COMMENTS = YES;
				CLANG_WARN_EMPTY_BODY = YES;
				CLANG_WARN_ENUM_CONVERSION = YES;
				CLANG_WARN_INFINITE_RECURSION = YES;
				CLANG_WARN_INT_CONVERSION = YES;
				CLANG_WARN_NON_LITERAL_NULL_CONVERSION = YES;
				CLANG_WARN_OBJC_IMPLICIT_RETAIN_SELF = YES;
				CLANG_WARN_OBJC_LITERAL_CONVERSION = YES;
				CLANG_WARN_OBJC_ROOT_CLASS = YES_ERROR;
				CLANG_WARN_QUOTED_INCLUDE_IN_FRAMEWORK_HEADER = YES;
				CLANG_WARN_RANGE_LOOP_ANALYSIS = YES;
				CLANG_WARN_STRICT_PROTOTYPES = YES;
				CLANG_WARN_SUSPICIOUS_MOVE = YES;
				CLANG_WARN_UNGUARDED_AVAILABILITY = YES_AGGRESSIVE;
				CLANG_WARN_UNREACHABLE_CODE = YES;
				CLANG_WARN__DUPLICATE_METHOD_MATCH = YES;
				COPY_PHASE_STRIP = NO;
				DEBUG_INFORMATION_FORMAT = "dwarf-with-dsym";
				ENABLE_NS_ASSERTIONS = NO;
				ENABLE_STRICT_OBJC_MSGSEND = YES;
				GCC_C_LANGUAGE_STANDARD = gnu11;
				GCC_NO_COMMON_BLOCKS = YES;
				GCC_WARN_64_TO_32_BIT_CONVERSION = YES;
				GCC_WARN_ABOUT_RETURN_TYPE = YES_ERROR;
				GCC_WARN_UNDECLARED_SELECTOR = YES;
				GCC_WARN_UNINITIALIZED_AUTOS = YES_AGGRESSIVE;
				GCC_WARN_UNUSED_FUNCTION = YES;
				GCC_WARN_UNUSED_VARIABLE = YES;
				IPHONEOS_DEPLOYMENT_TARGET = 14.0;
				MTL_ENABLE_DEBUG_INFO = NO;
				MTL_FAST_MATH = YES;
				SDKROOT = iphoneos;
				SWIFT_COMPILATION_MODE = wholemodule;
				SWIFT_OPTIMIZATION_LEVEL = "-O";
				VALIDATE_PRODUCT = YES;
			};
			name = Release;
		};
		9AF12640251E8A390089D562 /* Debug */ = {
			isa = XCBuildConfiguration;
			buildSettings = {
				ASSETCATALOG_COMPILER_APPICON_NAME = AppIcon;
				ASSETCATALOG_COMPILER_GLOBAL_ACCENT_COLOR_NAME = AccentColor;
				CODE_SIGN_STYLE = Automatic;
				DEVELOPMENT_TEAM = AK2ZP4ZDR4;
				INFOPLIST_FILE = iOSTestDeviget/Resources/Info.plist;
				LD_RUNPATH_SEARCH_PATHS = (
					"$(inherited)",
					"@executable_path/Frameworks",
				);
				PRODUCT_BUNDLE_IDENTIFIER = com.BTools.iOSTestDeviget;
				PRODUCT_NAME = "$(TARGET_NAME)";
				SWIFT_VERSION = 5.0;
				TARGETED_DEVICE_FAMILY = "1,2";
			};
			name = Debug;
		};
		9AF12641251E8A390089D562 /* Release */ = {
			isa = XCBuildConfiguration;
			buildSettings = {
				ASSETCATALOG_COMPILER_APPICON_NAME = AppIcon;
				ASSETCATALOG_COMPILER_GLOBAL_ACCENT_COLOR_NAME = AccentColor;
				CODE_SIGN_STYLE = Automatic;
				DEVELOPMENT_TEAM = AK2ZP4ZDR4;
				INFOPLIST_FILE = iOSTestDeviget/Resources/Info.plist;
				LD_RUNPATH_SEARCH_PATHS = (
					"$(inherited)",
					"@executable_path/Frameworks",
				);
				PRODUCT_BUNDLE_IDENTIFIER = com.BTools.iOSTestDeviget;
				PRODUCT_NAME = "$(TARGET_NAME)";
				SWIFT_VERSION = 5.0;
				TARGETED_DEVICE_FAMILY = "1,2";
			};
			name = Release;
		};
		9AF12643251E8A390089D562 /* Debug */ = {
			isa = XCBuildConfiguration;
			buildSettings = {
				ALWAYS_EMBED_SWIFT_STANDARD_LIBRARIES = YES;
				BUNDLE_LOADER = "$(TEST_HOST)";
				CODE_SIGN_STYLE = Automatic;
				DEVELOPMENT_TEAM = AK2ZP4ZDR4;
				INFOPLIST_FILE = iOSTestDevigetTests/Info.plist;
				IPHONEOS_DEPLOYMENT_TARGET = 14.0;
				LD_RUNPATH_SEARCH_PATHS = (
					"$(inherited)",
					"@executable_path/Frameworks",
					"@loader_path/Frameworks",
				);
				PRODUCT_BUNDLE_IDENTIFIER = com.BTools.iOSTestDevigetTests;
				PRODUCT_NAME = "$(TARGET_NAME)";
				SWIFT_VERSION = 5.0;
				TARGETED_DEVICE_FAMILY = "1,2";
				TEST_HOST = "$(BUILT_PRODUCTS_DIR)/iOSTestDeviget.app/iOSTestDeviget";
			};
			name = Debug;
		};
		9AF12644251E8A390089D562 /* Release */ = {
			isa = XCBuildConfiguration;
			buildSettings = {
				ALWAYS_EMBED_SWIFT_STANDARD_LIBRARIES = YES;
				BUNDLE_LOADER = "$(TEST_HOST)";
				CODE_SIGN_STYLE = Automatic;
				DEVELOPMENT_TEAM = AK2ZP4ZDR4;
				INFOPLIST_FILE = iOSTestDevigetTests/Info.plist;
				IPHONEOS_DEPLOYMENT_TARGET = 14.0;
				LD_RUNPATH_SEARCH_PATHS = (
					"$(inherited)",
					"@executable_path/Frameworks",
					"@loader_path/Frameworks",
				);
				PRODUCT_BUNDLE_IDENTIFIER = com.BTools.iOSTestDevigetTests;
				PRODUCT_NAME = "$(TARGET_NAME)";
				SWIFT_VERSION = 5.0;
				TARGETED_DEVICE_FAMILY = "1,2";
				TEST_HOST = "$(BUILT_PRODUCTS_DIR)/iOSTestDeviget.app/iOSTestDeviget";
			};
			name = Release;
		};
		9AF12646251E8A390089D562 /* Debug */ = {
			isa = XCBuildConfiguration;
			buildSettings = {
				ALWAYS_EMBED_SWIFT_STANDARD_LIBRARIES = YES;
				CODE_SIGN_STYLE = Automatic;
				DEVELOPMENT_TEAM = AK2ZP4ZDR4;
				INFOPLIST_FILE = iOSTestDevigetUITests/Info.plist;
				LD_RUNPATH_SEARCH_PATHS = (
					"$(inherited)",
					"@executable_path/Frameworks",
					"@loader_path/Frameworks",
				);
				PRODUCT_BUNDLE_IDENTIFIER = com.BTools.iOSTestDevigetUITests;
				PRODUCT_NAME = "$(TARGET_NAME)";
				SWIFT_VERSION = 5.0;
				TARGETED_DEVICE_FAMILY = "1,2";
				TEST_TARGET_NAME = iOSTestDeviget;
			};
			name = Debug;
		};
		9AF12647251E8A390089D562 /* Release */ = {
			isa = XCBuildConfiguration;
			buildSettings = {
				ALWAYS_EMBED_SWIFT_STANDARD_LIBRARIES = YES;
				CODE_SIGN_STYLE = Automatic;
				DEVELOPMENT_TEAM = AK2ZP4ZDR4;
				INFOPLIST_FILE = iOSTestDevigetUITests/Info.plist;
				LD_RUNPATH_SEARCH_PATHS = (
					"$(inherited)",
					"@executable_path/Frameworks",
					"@loader_path/Frameworks",
				);
				PRODUCT_BUNDLE_IDENTIFIER = com.BTools.iOSTestDevigetUITests;
				PRODUCT_NAME = "$(TARGET_NAME)";
				SWIFT_VERSION = 5.0;
				TARGETED_DEVICE_FAMILY = "1,2";
				TEST_TARGET_NAME = iOSTestDeviget;
			};
			name = Release;
		};
/* End XCBuildConfiguration section */

/* Begin XCConfigurationList section */
		9AF12610251E8A350089D562 /* Build configuration list for PBXProject "iOSTestDeviget" */ = {
			isa = XCConfigurationList;
			buildConfigurations = (
				9AF1263D251E8A390089D562 /* Debug */,
				9AF1263E251E8A390089D562 /* Release */,
			);
			defaultConfigurationIsVisible = 0;
			defaultConfigurationName = Release;
		};
		9AF1263F251E8A390089D562 /* Build configuration list for PBXNativeTarget "iOSTestDeviget" */ = {
			isa = XCConfigurationList;
			buildConfigurations = (
				9AF12640251E8A390089D562 /* Debug */,
				9AF12641251E8A390089D562 /* Release */,
			);
			defaultConfigurationIsVisible = 0;
			defaultConfigurationName = Release;
		};
		9AF12642251E8A390089D562 /* Build configuration list for PBXNativeTarget "iOSTestDevigetTests" */ = {
			isa = XCConfigurationList;
			buildConfigurations = (
				9AF12643251E8A390089D562 /* Debug */,
				9AF12644251E8A390089D562 /* Release */,
			);
			defaultConfigurationIsVisible = 0;
			defaultConfigurationName = Release;
		};
		9AF12645251E8A390089D562 /* Build configuration list for PBXNativeTarget "iOSTestDevigetUITests" */ = {
			isa = XCConfigurationList;
			buildConfigurations = (
				9AF12646251E8A390089D562 /* Debug */,
				9AF12647251E8A390089D562 /* Release */,
			);
			defaultConfigurationIsVisible = 0;
			defaultConfigurationName = Release;
		};
/* End XCConfigurationList section */
	};
	rootObject = 9AF1260D251E8A350089D562 /* Project object */;
}
